{
  "name": "web-basic-auth",
  "version": "0.0.1",
  "lockfileVersion": 1,
  "requires": true,
  "dependencies": {
    "serverless-lambda-edge-pre-existing-cloudfront": {
      "version": "1.1.4",
      "resolved": "https://registry.npmjs.org/serverless-lambda-edge-pre-existing-cloudfront/-/serverless-lambda-edge-pre-existing-cloudfront-1.1.4.tgz",
      "integrity": "sha512-S4SEh4xMMrBDYwTPbU/OCKqu0avOs8EUvm/XfnE/3pZjc2YHLtfRn+PGafQtpe6wDH+qBxf0OE70Y2Ir7sh5gA==",
      "dev": true
    }
  }
}
